
Microsoft Visual Studio Solution File, Format Version 12.00
# Visual Studio Version 16
VisualStudioVersion = 16.0.31402.337
MinimumVisualStudioVersion = 10.0.40219.1
Project("{9A19103F-16F7-4668-BE54-9A1E7A4F7556}") = "WebAPI", "Rent.Portal\WebAPI\WebAPI.csproj", "{B46AAF12-588F-4749-9217-A493FD3E54F5}"
EndProject
Project("{9A19103F-16F7-4668-BE54-9A1E7A4F7556}") = "Tests", "Rent.Portal\Tests\Tests.csproj", "{C4530234-C107-42D0-BD02-85A59A2EC685}"
EndProject
Project("{9A19103F-16F7-4668-BE54-9A1E7A4F7556}") = "Business", "Rent.Portal\Business\Business.csproj", "{81D97B47-CF43-4428-9674-57A65F38CB7E}"
EndProject
Project("{9A19103F-16F7-4668-BE54-9A1E7A4F7556}") = "DataAccess", "Rent.Portal\DataAccess\DataAccess.csproj", "{C1346AB7-44D1-4CA0-9D29-A1B53BD8AB8F}"
EndProject
Project("{9A19103F-16F7-4668-BE54-9A1E7A4F7556}") = "Core", "Rent.Portal\Core\Core.csproj", "{29B5D256-C4F4-48EC-96AE-FBFCF5C74C2C}"
EndProject
Project("{9A19103F-16F7-4668-BE54-9A1E7A4F7556}") = "Entities", "Rent.Portal\Entities\Entities.csproj", "{B3583B98-C6C1-4ACE-A9B8-16505227EFA2}"
EndProject
Project("{FAE04EC0-301F-11D3-BF4B-00C04F79EFBC}") = "WebUI", "Rent.Portal\WebUI\WebUI.csproj", "{0482920D-5CBE-483A-80BB-D562D49B3510}"
EndProject
Global
	GlobalSection(SolutionConfigurationPlatforms) = preSolution
		Debug|Any CPU = Debug|Any CPU
		Release|Any CPU = Release|Any CPU
	EndGlobalSection
	GlobalSection(ProjectConfigurationPlatforms) = postSolution
		{B46AAF12-588F-4749-9217-A493FD3E54F5}.Debug|Any CPU.ActiveCfg = Debug|Any CPU
		{B46AAF12-588F-4749-9217-A493FD3E54F5}.Debug|Any CPU.Build.0 = Debug|Any CPU
		{B46AAF12-588F-4749-9217-A493FD3E54F5}.Release|Any CPU.ActiveCfg = Release|Any CPU
		{B46AAF12-588F-4749-9217-A493FD3E54F5}.Release|Any CPU.Build.0 = Release|Any CPU
		{C4530234-C107-42D0-BD02-85A59A2EC685}.Debug|Any CPU.ActiveCfg = Debug|Any CPU
		{C4530234-C107-42D0-BD02-85A59A2EC685}.Debug|Any CPU.Build.0 = Debug|Any CPU
		{C4530234-C107-42D0-BD02-85A59A2EC685}.Release|Any CPU.ActiveCfg = Release|Any CPU
		{C4530234-C107-42D0-BD02-85A59A2EC685}.Release|Any CPU.Build.0 = Release|Any CPU
		{81D97B47-CF43-4428-9674-57A65F38CB7E}.Debug|Any CPU.ActiveCfg = Debug|Any CPU
		{81D97B47-CF43-4428-9674-57A65F38CB7E}.Debug|Any CPU.Build.0 = Debug|Any CPU
		{81D97B47-CF43-4428-9674-57A65F38CB7E}.Release|Any CPU.ActiveCfg = Release|Any CPU
		{81D97B47-CF43-4428-9674-57A65F38CB7E}.Release|Any CPU.Build.0 = Release|Any CPU
		{C1346AB7-44D1-4CA0-9D29-A1B53BD8AB8F}.Debug|Any CPU.ActiveCfg = Debug|Any CPU
		{C1346AB7-44D1-4CA0-9D29-A1B53BD8AB8F}.Debug|Any CPU.Build.0 = Debug|Any CPU
		{C1346AB7-44D1-4CA0-9D29-A1B53BD8AB8F}.Release|Any CPU.ActiveCfg = Release|Any CPU
		{C1346AB7-44D1-4CA0-9D29-A1B53BD8AB8F}.Release|Any CPU.Build.0 = Release|Any CPU
		{29B5D256-C4F4-48EC-96AE-FBFCF5C74C2C}.Debug|Any CPU.ActiveCfg = Debug|Any CPU
		{29B5D256-C4F4-48EC-96AE-FBFCF5C74C2C}.Debug|Any CPU.Build.0 = Debug|Any CPU
		{29B5D256-C4F4-48EC-96AE-FBFCF5C74C2C}.Release|Any CPU.ActiveCfg = Release|Any CPU
		{29B5D256-C4F4-48EC-96AE-FBFCF5C74C2C}.Release|Any CPU.Build.0 = Release|Any CPU
		{B3583B98-C6C1-4ACE-A9B8-16505227EFA2}.Debug|Any CPU.ActiveCfg = Debug|Any CPU
		{B3583B98-C6C1-4ACE-A9B8-16505227EFA2}.Debug|Any CPU.Build.0 = Debug|Any CPU
		{B3583B98-C6C1-4ACE-A9B8-16505227EFA2}.Release|Any CPU.ActiveCfg = Release|Any CPU
		{B3583B98-C6C1-4ACE-A9B8-16505227EFA2}.Release|Any CPU.Build.0 = Release|Any CPU
		{0482920D-5CBE-483A-80BB-D562D49B3510}.Debug|Any CPU.ActiveCfg = Debug|Any CPU
		{0482920D-5CBE-483A-80BB-D562D49B3510}.Debug|Any CPU.Build.0 = Debug|Any CPU
		{0482920D-5CBE-483A-80BB-D562D49B3510}.Release|Any CPU.ActiveCfg = Release|Any CPU
		{0482920D-5CBE-483A-80BB-D562D49B3510}.Release|Any CPU.Build.0 = Release|Any CPU
	EndGlobalSection
	GlobalSection(SolutionProperties) = preSolution
		HideSolutionNode = FALSE
	EndGlobalSection
	GlobalSection(ExtensibilityGlobals) = postSolution
		SolutionGuid = {DE4DCD3A-16E1-4909-9F05-1CD9919FCE7C}
	EndGlobalSection
EndGlobal
